
Microsoft Visual Studio Solution File, Format Version 12.00
# Visual Studio 14
VisualStudioVersion = 14.0.23107.0
MinimumVisualStudioVersion = 10.0.40219.1
Project("{FAE04EC0-301F-11D3-BF4B-00C04F79EFBC}") = "DatagramService", "DatagramService\DatagramService.csproj", "{8BEC2DDA-B800-45D8-B9E4-A0155B9DEDF9}"
EndProject
Project("{FAE04EC0-301F-11D3-BF4B-00C04F79EFBC}") = "DebugHost", "DebugHost\DebugHost.csproj", "{D5F9AD1A-B7C5-4A0C-B2D4-C25C518B6FE3}"
EndProject
Project("{2150E333-8FDC-42A3-9474-1A3956D46DE8}") = "Notes", "Notes", "{B7AAA4B1-9960-4BCC-8477-136DEBBF3F8C}"
	ProjectSection(SolutionItems) = preProject
		App.configs.txt = App.configs.txt
	EndProjectSection
EndProject
Project("{FAE04EC0-301F-11D3-BF4B-00C04F79EFBC}") = "DynamicEndpointUtils", "DynamicEndpointUtils\DynamicEndpointUtils.csproj", "{3075BAFE-7292-4F90-9612-932CC98E3AF3}"
EndProject
Project("{FAE04EC0-301F-11D3-BF4B-00C04F79EFBC}") = "DebugClient", "DebugClient\DebugClient.csproj", "{24D3619A-9E97-4A1A-954E-FE2A2E127207}"
EndProject
Project("{FAE04EC0-301F-11D3-BF4B-00C04F79EFBC}") = "WPFClient", "WPFClient\WPFClient.csproj", "{ED28512A-63D7-4D65-AC61-689EDA2277A9}"
EndProject
Global
	GlobalSection(SolutionConfigurationPlatforms) = preSolution
		Debug|Any CPU = Debug|Any CPU
		Release|Any CPU = Release|Any CPU
	EndGlobalSection
	GlobalSection(ProjectConfigurationPlatforms) = postSolution
		{8BEC2DDA-B800-45D8-B9E4-A0155B9DEDF9}.Debug|Any CPU.ActiveCfg = Debug|Any CPU
		{8BEC2DDA-B800-45D8-B9E4-A0155B9DEDF9}.Debug|Any CPU.Build.0 = Debug|Any CPU
		{8BEC2DDA-B800-45D8-B9E4-A0155B9DEDF9}.Release|Any CPU.ActiveCfg = Release|Any CPU
		{8BEC2DDA-B800-45D8-B9E4-A0155B9DEDF9}.Release|Any CPU.Build.0 = Release|Any CPU
		{D5F9AD1A-B7C5-4A0C-B2D4-C25C518B6FE3}.Debug|Any CPU.ActiveCfg = Debug|Any CPU
		{D5F9AD1A-B7C5-4A0C-B2D4-C25C518B6FE3}.Debug|Any CPU.Build.0 = Debug|Any CPU
		{D5F9AD1A-B7C5-4A0C-B2D4-C25C518B6FE3}.Release|Any CPU.ActiveCfg = Release|Any CPU
		{D5F9AD1A-B7C5-4A0C-B2D4-C25C518B6FE3}.Release|Any CPU.Build.0 = Release|Any CPU
		{3075BAFE-7292-4F90-9612-932CC98E3AF3}.Debug|Any CPU.ActiveCfg = Debug|Any CPU
		{3075BAFE-7292-4F90-9612-932CC98E3AF3}.Debug|Any CPU.Build.0 = Debug|Any CPU
		{3075BAFE-7292-4F90-9612-932CC98E3AF3}.Release|Any CPU.ActiveCfg = Release|Any CPU
		{3075BAFE-7292-4F90-9612-932CC98E3AF3}.Release|Any CPU.Build.0 = Release|Any CPU
		{24D3619A-9E97-4A1A-954E-FE2A2E127207}.Debug|Any CPU.ActiveCfg = Debug|Any CPU
		{24D3619A-9E97-4A1A-954E-FE2A2E127207}.Debug|Any CPU.Build.0 = Debug|Any CPU
		{24D3619A-9E97-4A1A-954E-FE2A2E127207}.Release|Any CPU.ActiveCfg = Release|Any CPU
		{24D3619A-9E97-4A1A-954E-FE2A2E127207}.Release|Any CPU.Build.0 = Release|Any CPU
		{ED28512A-63D7-4D65-AC61-689EDA2277A9}.Debug|Any CPU.ActiveCfg = Debug|Any CPU
		{ED28512A-63D7-4D65-AC61-689EDA2277A9}.Debug|Any CPU.Build.0 = Debug|Any CPU
		{ED28512A-63D7-4D65-AC61-689EDA2277A9}.Release|Any CPU.ActiveCfg = Release|Any CPU
		{ED28512A-63D7-4D65-AC61-689EDA2277A9}.Release|Any CPU.Build.0 = Release|Any CPU
	EndGlobalSection
	GlobalSection(SolutionProperties) = preSolution
		HideSolutionNode = FALSE
	EndGlobalSection
EndGlobal
